
Microsoft Visual Studio Solution File, Format Version 12.00
# Visual Studio Version 17
VisualStudioVersion = 17.7.34202.233
MinimumVisualStudioVersion = 10.0.40219.1
Project("{FAE04EC0-301F-11D3-BF4B-00C04F79EFBC}") = "adoNET", "adoNET.csproj", "{860558B3-FE42-46FF-91DB-4E7A64F131B9}"
EndProject
Project("{2150E333-8FDC-42A3-9474-1A3956D46DE8}") = "Elementi di soluzione", "Elementi di soluzione", "{15CA9122-6B73-4229-91C4-385412EEA298}"
	ProjectSection(SolutionItems) = preProject
		..\..\..\Downloads\chinook.db = ..\..\..\Downloads\chinook.db
	EndProjectSection
EndProject
Global
	GlobalSection(SolutionConfigurationPlatforms) = preSolution
		Debug|Any CPU = Debug|Any CPU
		Release|Any CPU = Release|Any CPU
	EndGlobalSection
	GlobalSection(ProjectConfigurationPlatforms) = postSolution
		{860558B3-FE42-46FF-91DB-4E7A64F131B9}.Debug|Any CPU.ActiveCfg = Debug|Any CPU
		{860558B3-FE42-46FF-91DB-4E7A64F131B9}.Debug|Any CPU.Build.0 = Debug|Any CPU
		{860558B3-FE42-46FF-91DB-4E7A64F131B9}.Release|Any CPU.ActiveCfg = Release|Any CPU
		{860558B3-FE42-46FF-91DB-4E7A64F131B9}.Release|Any CPU.Build.0 = Release|Any CPU
	EndGlobalSection
	GlobalSection(SolutionProperties) = preSolution
		HideSolutionNode = FALSE
	EndGlobalSection
	GlobalSection(ExtensibilityGlobals) = postSolution
		SolutionGuid = {CB60D6E7-63F1-4C5F-82B6-ED743A9A5ABD}
	EndGlobalSection
EndGlobal
